Microsoft Visual Studio Solution File, Format Version 12.00
# Visual Studio Version 17
VisualStudioVersion = 17.9.34607.119
MinimumVisualStudioVersion = 10.0.40219.1
Project("{9A19103F-16F7-4668-BE54-9A1E7A4F7556}") = "Atom", "Atom\Atom.csproj", "{224DFEA9-3CD3-41E8-9DB0-92A4B7871141}"
EndProject
Project("{2150E333-8FDC-42A3-9474-1A3956D46DE8}") = "Framework", "Framework", "{47B75EFD-5A08-4D00-84B8-9BFA41422677}"
EndProject
Project("{2150E333-8FDC-42A3-9474-1A3956D46DE8}") = "Tests", "Tests", "{1C8ACF44-90F6-476E-A8F8-2BC3C11618C9}"
EndProject
Project("{FAE04EC0-301F-11D3-BF4B-00C04F79EFBC}") = "Atom.Web", "Atom.Web\Atom.Web.csproj", "{C195CA20-FAAC-41F7-8DCD-5C17A3560FD5}"
EndProject
Project("{FAE04EC0-301F-11D3-BF4B-00C04F79EFBC}") = "Atom.Web.Services", "Atom.Web.Services\Atom.Web.Services.csproj", "{1FC68E3F-39EC-4518-8821-A2445DE2D4F8}"
EndProject
Project("{FAE04EC0-301F-11D3-BF4B-00C04F79EFBC}") = "Atom.Web.Browsers", "Atom.Web.Browsers\Atom.Web.Browsers.csproj", "{D3079AE7-EF69-418E-B850-5DA60C9AD488}"
EndProject
Project("{FAE04EC0-301F-11D3-BF4B-00C04F79EFBC}") = "Atom.Media.Video", "Atom.Media.Video\Atom.Media.Video.csproj", "{8EC4E9A0-B24E-434E-9651-804490744C5B}"
EndProject
Project("{FAE04EC0-301F-11D3-BF4B-00C04F79EFBC}") = "Atom.Media", "Atom.Media\Atom.Media.csproj", "{350A268F-1969-4EA9-B4DB-F737F1AF9BD3}"
EndProject
Project("{FAE04EC0-301F-11D3-BF4B-00C04F79EFBC}") = "Atom.SourceGeneration", "Atom.SourceGeneration\Atom.SourceGeneration.csproj", "{69E61AB8-BE25-479E-8421-2AB7914FE0F3}"
EndProject
Project("{FAE04EC0-301F-11D3-BF4B-00C04F79EFBC}") = "Atom.Tests", "Atom.Tests\Atom.Tests.csproj", "{5A1EE453-BC8E-4F83-854F-C2CA73196F0F}"
EndProject
Project("{FAE04EC0-301F-11D3-BF4B-00C04F79EFBC}") = "Atom.Web.Tests", "Atom.Web.Tests\Atom.Web.Tests.csproj", "{B8E39FD6-32C8-4CC8-98CA-C587438E01C4}"
EndProject
Project("{FAE04EC0-301F-11D3-BF4B-00C04F79EFBC}") = "Atom.Web.Browsers.Tests", "Atom.Web.Browsers.Tests\Atom.Web.Browsers.Tests.csproj", "{1D05065F-8285-4BA7-9E24-4346701CFA8F}"
EndProject
Project("{FAE04EC0-301F-11D3-BF4B-00C04F79EFBC}") = "Atom.Web.Services.Tests", "Atom.Web.Services.Tests\Atom.Web.Services.Tests.csproj", "{863982EA-B3E3-482E-B1F2-971C4E4BDB18}"
EndProject
Project("{FAE04EC0-301F-11D3-BF4B-00C04F79EFBC}") = "Atom.SourceGeneration.Tests", "Atom.SourceGeneration.Tests\Atom.SourceGeneration.Tests.csproj", "{FDB89579-1A66-4F1A-AC8C-B3918A4EDFF0}"
EndProject
Project("{FAE04EC0-301F-11D3-BF4B-00C04F79EFBC}") = "Atom.Debug", "Atom.Debug\Atom.Debug.csproj", "{415E4E7D-BF5A-4113-9A80-1ACE0EADC149}"
EndProject
Global
	GlobalSection(SolutionConfigurationPlatforms) = preSolution
		Debug|Any CPU = Debug|Any CPU
		Release|Any CPU = Release|Any CPU
	EndGlobalSection
	GlobalSection(ProjectConfigurationPlatforms) = postSolution
		{224DFEA9-3CD3-41E8-9DB0-92A4B7871141}.Debug|Any CPU.ActiveCfg = Debug|Any CPU
		{224DFEA9-3CD3-41E8-9DB0-92A4B7871141}.Debug|Any CPU.Build.0 = Debug|Any CPU
		{224DFEA9-3CD3-41E8-9DB0-92A4B7871141}.Release|Any CPU.ActiveCfg = Release|Any CPU
		{224DFEA9-3CD3-41E8-9DB0-92A4B7871141}.Release|Any CPU.Build.0 = Release|Any CPU
		{C195CA20-FAAC-41F7-8DCD-5C17A3560FD5}.Debug|Any CPU.ActiveCfg = Debug|Any CPU
		{C195CA20-FAAC-41F7-8DCD-5C17A3560FD5}.Debug|Any CPU.Build.0 = Debug|Any CPU
		{C195CA20-FAAC-41F7-8DCD-5C17A3560FD5}.Release|Any CPU.ActiveCfg = Release|Any CPU
		{C195CA20-FAAC-41F7-8DCD-5C17A3560FD5}.Release|Any CPU.Build.0 = Release|Any CPU
		{1FC68E3F-39EC-4518-8821-A2445DE2D4F8}.Debug|Any CPU.ActiveCfg = Debug|Any CPU
		{1FC68E3F-39EC-4518-8821-A2445DE2D4F8}.Debug|Any CPU.Build.0 = Debug|Any CPU
		{1FC68E3F-39EC-4518-8821-A2445DE2D4F8}.Release|Any CPU.ActiveCfg = Release|Any CPU
		{1FC68E3F-39EC-4518-8821-A2445DE2D4F8}.Release|Any CPU.Build.0 = Release|Any CPU
		{D3079AE7-EF69-418E-B850-5DA60C9AD488}.Debug|Any CPU.ActiveCfg = Debug|Any CPU
		{D3079AE7-EF69-418E-B850-5DA60C9AD488}.Debug|Any CPU.Build.0 = Debug|Any CPU
		{D3079AE7-EF69-418E-B850-5DA60C9AD488}.Release|Any CPU.ActiveCfg = Release|Any CPU
		{D3079AE7-EF69-418E-B850-5DA60C9AD488}.Release|Any CPU.Build.0 = Release|Any CPU
		{8EC4E9A0-B24E-434E-9651-804490744C5B}.Debug|Any CPU.ActiveCfg = Debug|Any CPU
		{8EC4E9A0-B24E-434E-9651-804490744C5B}.Debug|Any CPU.Build.0 = Debug|Any CPU
		{8EC4E9A0-B24E-434E-9651-804490744C5B}.Release|Any CPU.ActiveCfg = Release|Any CPU
		{8EC4E9A0-B24E-434E-9651-804490744C5B}.Release|Any CPU.Build.0 = Release|Any CPU
		{350A268F-1969-4EA9-B4DB-F737F1AF9BD3}.Debug|Any CPU.ActiveCfg = Debug|Any CPU
		{350A268F-1969-4EA9-B4DB-F737F1AF9BD3}.Debug|Any CPU.Build.0 = Debug|Any CPU
		{350A268F-1969-4EA9-B4DB-F737F1AF9BD3}.Release|Any CPU.ActiveCfg = Release|Any CPU
		{350A268F-1969-4EA9-B4DB-F737F1AF9BD3}.Release|Any CPU.Build.0 = Release|Any CPU
		{69E61AB8-BE25-479E-8421-2AB7914FE0F3}.Debug|Any CPU.ActiveCfg = Debug|Any CPU
		{69E61AB8-BE25-479E-8421-2AB7914FE0F3}.Debug|Any CPU.Build.0 = Debug|Any CPU
		{69E61AB8-BE25-479E-8421-2AB7914FE0F3}.Release|Any CPU.ActiveCfg = Release|Any CPU
		{69E61AB8-BE25-479E-8421-2AB7914FE0F3}.Release|Any CPU.Build.0 = Release|Any CPU
		{5A1EE453-BC8E-4F83-854F-C2CA73196F0F}.Debug|Any CPU.ActiveCfg = Debug|Any CPU
		{5A1EE453-BC8E-4F83-854F-C2CA73196F0F}.Debug|Any CPU.Build.0 = Debug|Any CPU
		{5A1EE453-BC8E-4F83-854F-C2CA73196F0F}.Release|Any CPU.ActiveCfg = Release|Any CPU
		{5A1EE453-BC8E-4F83-854F-C2CA73196F0F}.Release|Any CPU.Build.0 = Release|Any CPU
		{B8E39FD6-32C8-4CC8-98CA-C587438E01C4}.Debug|Any CPU.ActiveCfg = Debug|Any CPU
		{B8E39FD6-32C8-4CC8-98CA-C587438E01C4}.Debug|Any CPU.Build.0 = Debug|Any CPU
		{B8E39FD6-32C8-4CC8-98CA-C587438E01C4}.Release|Any CPU.ActiveCfg = Release|Any CPU
		{B8E39FD6-32C8-4CC8-98CA-C587438E01C4}.Release|Any CPU.Build.0 = Release|Any CPU
		{1D05065F-8285-4BA7-9E24-4346701CFA8F}.Debug|Any CPU.ActiveCfg = Debug|Any CPU
		{1D05065F-8285-4BA7-9E24-4346701CFA8F}.Debug|Any CPU.Build.0 = Debug|Any CPU
		{1D05065F-8285-4BA7-9E24-4346701CFA8F}.Release|Any CPU.ActiveCfg = Release|Any CPU
		{1D05065F-8285-4BA7-9E24-4346701CFA8F}.Release|Any CPU.Build.0 = Release|Any CPU
		{863982EA-B3E3-482E-B1F2-971C4E4BDB18}.Debug|Any CPU.ActiveCfg = Debug|Any CPU
		{863982EA-B3E3-482E-B1F2-971C4E4BDB18}.Debug|Any CPU.Build.0 = Debug|Any CPU
		{863982EA-B3E3-482E-B1F2-971C4E4BDB18}.Release|Any CPU.ActiveCfg = Release|Any CPU
		{863982EA-B3E3-482E-B1F2-971C4E4BDB18}.Release|Any CPU.Build.0 = Release|Any CPU
		{FDB89579-1A66-4F1A-AC8C-B3918A4EDFF0}.Debug|Any CPU.ActiveCfg = Debug|Any CPU
		{FDB89579-1A66-4F1A-AC8C-B3918A4EDFF0}.Debug|Any CPU.Build.0 = Debug|Any CPU
		{FDB89579-1A66-4F1A-AC8C-B3918A4EDFF0}.Release|Any CPU.ActiveCfg = Release|Any CPU
		{FDB89579-1A66-4F1A-AC8C-B3918A4EDFF0}.Release|Any CPU.Build.0 = Release|Any CPU
		{415E4E7D-BF5A-4113-9A80-1ACE0EADC149}.Debug|Any CPU.ActiveCfg = Debug|Any CPU
		{415E4E7D-BF5A-4113-9A80-1ACE0EADC149}.Debug|Any CPU.Build.0 = Debug|Any CPU
		{415E4E7D-BF5A-4113-9A80-1ACE0EADC149}.Release|Any CPU.ActiveCfg = Release|Any CPU
		{415E4E7D-BF5A-4113-9A80-1ACE0EADC149}.Release|Any CPU.Build.0 = Release|Any CPU
	EndGlobalSection
	GlobalSection(SolutionProperties) = preSolution
		HideSolutionNode = FALSE
	EndGlobalSection
	GlobalSection(NestedProjects) = preSolution
		{224DFEA9-3CD3-41E8-9DB0-92A4B7871141} = {47B75EFD-5A08-4D00-84B8-9BFA41422677}
		{C195CA20-FAAC-41F7-8DCD-5C17A3560FD5} = {47B75EFD-5A08-4D00-84B8-9BFA41422677}
		{1FC68E3F-39EC-4518-8821-A2445DE2D4F8} = {47B75EFD-5A08-4D00-84B8-9BFA41422677}
		{D3079AE7-EF69-418E-B850-5DA60C9AD488} = {47B75EFD-5A08-4D00-84B8-9BFA41422677}
		{8EC4E9A0-B24E-434E-9651-804490744C5B} = {47B75EFD-5A08-4D00-84B8-9BFA41422677}
		{350A268F-1969-4EA9-B4DB-F737F1AF9BD3} = {47B75EFD-5A08-4D00-84B8-9BFA41422677}
		{69E61AB8-BE25-479E-8421-2AB7914FE0F3} = {47B75EFD-5A08-4D00-84B8-9BFA41422677}
		{5A1EE453-BC8E-4F83-854F-C2CA73196F0F} = {1C8ACF44-90F6-476E-A8F8-2BC3C11618C9}
		{B8E39FD6-32C8-4CC8-98CA-C587438E01C4} = {1C8ACF44-90F6-476E-A8F8-2BC3C11618C9}
		{1D05065F-8285-4BA7-9E24-4346701CFA8F} = {1C8ACF44-90F6-476E-A8F8-2BC3C11618C9}
		{863982EA-B3E3-482E-B1F2-971C4E4BDB18} = {1C8ACF44-90F6-476E-A8F8-2BC3C11618C9}
		{FDB89579-1A66-4F1A-AC8C-B3918A4EDFF0} = {1C8ACF44-90F6-476E-A8F8-2BC3C11618C9}
		{415E4E7D-BF5A-4113-9A80-1ACE0EADC149} = {47B75EFD-5A08-4D00-84B8-9BFA41422677}
	EndGlobalSection
	GlobalSection(ExtensibilityGlobals) = postSolution
		SolutionGuid = {6B50772B-9D48-465A-AEDE-8097EDE993B5}
	EndGlobalSection
EndGlobal
