
Microsoft Visual Studio Solution File, Format Version 12.00
# Visual Studio Version 17
VisualStudioVersion = 17.9.34607.119
MinimumVisualStudioVersion = 10.0.40219.1
Project("{2150E333-8FDC-42A3-9474-1A3956D46DE8}") = "Framework", "Framework", "{47B75EFD-5A08-4D00-84B8-9BFA41422677}"
EndProject
Project("{2150E333-8FDC-42A3-9474-1A3956D46DE8}") = "Tests", "Tests", "{1C8ACF44-90F6-476E-A8F8-2BC3C11618C9}"
EndProject
Project("{FAE04EC0-301F-11D3-BF4B-00C04F79EFBC}") = "Atom.Tests", "Tests\Atom.Tests\Atom.Tests.csproj", "{B1CF7FE8-C186-42BB-9B78-A2E8890CF888}"
EndProject
Project("{FAE04EC0-301F-11D3-BF4B-00C04F79EFBC}") = "Atom.SourceGeneration.Tests", "Tests\Atom.SourceGeneration.Tests\Atom.SourceGeneration.Tests.csproj", "{2A09B359-7DB2-41A7-B244-670EEEFA9010}"
EndProject
Project("{FAE04EC0-301F-11D3-BF4B-00C04F79EFBC}") = "Atom.Web.Tests", "Tests\Atom.Web.Tests\Atom.Web.Tests.csproj", "{E23E0E99-5828-4258-B2EB-7B5D22EDD9EA}"
EndProject
Project("{FAE04EC0-301F-11D3-BF4B-00C04F79EFBC}") = "Atom.Media.Video.Tests", "Tests\Atom.Media.Video.Tests\Atom.Media.Video.Tests.csproj", "{A3D49E82-1C0F-4053-B45C-019E65077FA8}"
EndProject
Project("{FAE04EC0-301F-11D3-BF4B-00C04F79EFBC}") = "Atom.Media.Tests", "Tests\Atom.Media.Tests\Atom.Media.Tests.csproj", "{6C17922E-FCC0-4137-85A9-0143EE4C2066}"
EndProject
Project("{FAE04EC0-301F-11D3-BF4B-00C04F79EFBC}") = "Atom.Debug.Tests", "Tests\Atom.Debug.Tests\Atom.Debug.Tests.csproj", "{2173F753-598A-4CFD-A7A7-AB0C665FDD9A}"
EndProject
Project("{FAE04EC0-301F-11D3-BF4B-00C04F79EFBC}") = "Atom", "Framework\Atom\Atom.csproj", "{BF869B67-390B-4804-9C5E-7BB4AF0731AC}"
EndProject
Project("{FAE04EC0-301F-11D3-BF4B-00C04F79EFBC}") = "Atom.Debug", "Framework\Atom.Debug\Atom.Debug.csproj", "{3194B315-051A-4320-99B3-6B6FB5F6969C}"
EndProject
Project("{FAE04EC0-301F-11D3-BF4B-00C04F79EFBC}") = "Atom.Media", "Framework\Atom.Media\Atom.Media.csproj", "{874BBFD8-D217-4B4D-A030-C2B425367C33}"
EndProject
Project("{FAE04EC0-301F-11D3-BF4B-00C04F79EFBC}") = "Atom.Media.Video", "Framework\Atom.Media.Video\Atom.Media.Video.csproj", "{3316BB10-6E88-4B5A-814B-C4C53F365EB8}"
EndProject
Project("{FAE04EC0-301F-11D3-BF4B-00C04F79EFBC}") = "Atom.SourceGeneration", "Framework\Atom.SourceGeneration\Atom.SourceGeneration.csproj", "{2DA6B0A6-B075-4918-8B4E-B1AD695DFCF4}"
EndProject
Project("{FAE04EC0-301F-11D3-BF4B-00C04F79EFBC}") = "Atom.Web", "Framework\Atom.Web\Atom.Web.csproj", "{47A69795-C1F2-4E05-8443-C273281BA9D3}"
EndProject
Project("{FAE04EC0-301F-11D3-BF4B-00C04F79EFBC}") = "Atom.Net", "Framework\Atom.Net\Atom.Net.csproj", "{EFF9AA46-74C6-4A2F-B8CA-DDFFB0CA424C}"
EndProject
Project("{FAE04EC0-301F-11D3-BF4B-00C04F79EFBC}") = "Atom.Net.Tests", "Tests\Atom.Net.Tests\Atom.Net.Tests.csproj", "{5770A35D-DCD8-4C03-88E4-02308D6576F0}"
EndProject
Project("{FAE04EC0-301F-11D3-BF4B-00C04F79EFBC}") = "Atom.Testing", "Framework\Atom.Testing\Atom.Testing.csproj", "{C95FC6B5-889C-4E04-8FE0-2C911A9FC0A0}"
EndProject
Global
	GlobalSection(SolutionConfigurationPlatforms) = preSolution
		Debug|Any CPU = Debug|Any CPU
		Debug|x64 = Debug|x64
		Debug|x86 = Debug|x86
		Release|Any CPU = Release|Any CPU
		Release|x64 = Release|x64
		Release|x86 = Release|x86
	EndGlobalSection
	GlobalSection(ProjectConfigurationPlatforms) = postSolution
		{B1CF7FE8-C186-42BB-9B78-A2E8890CF888}.Debug|Any CPU.ActiveCfg = Debug|Any CPU
		{B1CF7FE8-C186-42BB-9B78-A2E8890CF888}.Debug|Any CPU.Build.0 = Debug|Any CPU
		{B1CF7FE8-C186-42BB-9B78-A2E8890CF888}.Debug|x64.ActiveCfg = Debug|Any CPU
		{B1CF7FE8-C186-42BB-9B78-A2E8890CF888}.Debug|x64.Build.0 = Debug|Any CPU
		{B1CF7FE8-C186-42BB-9B78-A2E8890CF888}.Debug|x86.ActiveCfg = Debug|Any CPU
		{B1CF7FE8-C186-42BB-9B78-A2E8890CF888}.Debug|x86.Build.0 = Debug|Any CPU
		{B1CF7FE8-C186-42BB-9B78-A2E8890CF888}.Release|Any CPU.ActiveCfg = Release|Any CPU
		{B1CF7FE8-C186-42BB-9B78-A2E8890CF888}.Release|Any CPU.Build.0 = Release|Any CPU
		{B1CF7FE8-C186-42BB-9B78-A2E8890CF888}.Release|x64.ActiveCfg = Release|Any CPU
		{B1CF7FE8-C186-42BB-9B78-A2E8890CF888}.Release|x64.Build.0 = Release|Any CPU
		{B1CF7FE8-C186-42BB-9B78-A2E8890CF888}.Release|x86.ActiveCfg = Release|Any CPU
		{B1CF7FE8-C186-42BB-9B78-A2E8890CF888}.Release|x86.Build.0 = Release|Any CPU
		{2A09B359-7DB2-41A7-B244-670EEEFA9010}.Debug|Any CPU.ActiveCfg = Debug|Any CPU
		{2A09B359-7DB2-41A7-B244-670EEEFA9010}.Debug|Any CPU.Build.0 = Debug|Any CPU
		{2A09B359-7DB2-41A7-B244-670EEEFA9010}.Debug|x64.ActiveCfg = Debug|Any CPU
		{2A09B359-7DB2-41A7-B244-670EEEFA9010}.Debug|x64.Build.0 = Debug|Any CPU
		{2A09B359-7DB2-41A7-B244-670EEEFA9010}.Debug|x86.ActiveCfg = Debug|Any CPU
		{2A09B359-7DB2-41A7-B244-670EEEFA9010}.Debug|x86.Build.0 = Debug|Any CPU
		{2A09B359-7DB2-41A7-B244-670EEEFA9010}.Release|Any CPU.ActiveCfg = Release|Any CPU
		{2A09B359-7DB2-41A7-B244-670EEEFA9010}.Release|Any CPU.Build.0 = Release|Any CPU
		{2A09B359-7DB2-41A7-B244-670EEEFA9010}.Release|x64.ActiveCfg = Release|Any CPU
		{2A09B359-7DB2-41A7-B244-670EEEFA9010}.Release|x64.Build.0 = Release|Any CPU
		{2A09B359-7DB2-41A7-B244-670EEEFA9010}.Release|x86.ActiveCfg = Release|Any CPU
		{2A09B359-7DB2-41A7-B244-670EEEFA9010}.Release|x86.Build.0 = Release|Any CPU
		{E23E0E99-5828-4258-B2EB-7B5D22EDD9EA}.Debug|Any CPU.ActiveCfg = Debug|Any CPU
		{E23E0E99-5828-4258-B2EB-7B5D22EDD9EA}.Debug|Any CPU.Build.0 = Debug|Any CPU
		{E23E0E99-5828-4258-B2EB-7B5D22EDD9EA}.Debug|x64.ActiveCfg = Debug|Any CPU
		{E23E0E99-5828-4258-B2EB-7B5D22EDD9EA}.Debug|x64.Build.0 = Debug|Any CPU
		{E23E0E99-5828-4258-B2EB-7B5D22EDD9EA}.Debug|x86.ActiveCfg = Debug|Any CPU
		{E23E0E99-5828-4258-B2EB-7B5D22EDD9EA}.Debug|x86.Build.0 = Debug|Any CPU
		{E23E0E99-5828-4258-B2EB-7B5D22EDD9EA}.Release|Any CPU.ActiveCfg = Release|Any CPU
		{E23E0E99-5828-4258-B2EB-7B5D22EDD9EA}.Release|Any CPU.Build.0 = Release|Any CPU
		{E23E0E99-5828-4258-B2EB-7B5D22EDD9EA}.Release|x64.ActiveCfg = Release|Any CPU
		{E23E0E99-5828-4258-B2EB-7B5D22EDD9EA}.Release|x64.Build.0 = Release|Any CPU
		{E23E0E99-5828-4258-B2EB-7B5D22EDD9EA}.Release|x86.ActiveCfg = Release|Any CPU
		{E23E0E99-5828-4258-B2EB-7B5D22EDD9EA}.Release|x86.Build.0 = Release|Any CPU
		{A3D49E82-1C0F-4053-B45C-019E65077FA8}.Debug|Any CPU.ActiveCfg = Debug|Any CPU
		{A3D49E82-1C0F-4053-B45C-019E65077FA8}.Debug|Any CPU.Build.0 = Debug|Any CPU
		{A3D49E82-1C0F-4053-B45C-019E65077FA8}.Debug|x64.ActiveCfg = Debug|Any CPU
		{A3D49E82-1C0F-4053-B45C-019E65077FA8}.Debug|x64.Build.0 = Debug|Any CPU
		{A3D49E82-1C0F-4053-B45C-019E65077FA8}.Debug|x86.ActiveCfg = Debug|Any CPU
		{A3D49E82-1C0F-4053-B45C-019E65077FA8}.Debug|x86.Build.0 = Debug|Any CPU
		{A3D49E82-1C0F-4053-B45C-019E65077FA8}.Release|Any CPU.ActiveCfg = Release|Any CPU
		{A3D49E82-1C0F-4053-B45C-019E65077FA8}.Release|Any CPU.Build.0 = Release|Any CPU
		{A3D49E82-1C0F-4053-B45C-019E65077FA8}.Release|x64.ActiveCfg = Release|Any CPU
		{A3D49E82-1C0F-4053-B45C-019E65077FA8}.Release|x64.Build.0 = Release|Any CPU
		{A3D49E82-1C0F-4053-B45C-019E65077FA8}.Release|x86.ActiveCfg = Release|Any CPU
		{A3D49E82-1C0F-4053-B45C-019E65077FA8}.Release|x86.Build.0 = Release|Any CPU
		{6C17922E-FCC0-4137-85A9-0143EE4C2066}.Debug|Any CPU.ActiveCfg = Debug|Any CPU
		{6C17922E-FCC0-4137-85A9-0143EE4C2066}.Debug|Any CPU.Build.0 = Debug|Any CPU
		{6C17922E-FCC0-4137-85A9-0143EE4C2066}.Debug|x64.ActiveCfg = Debug|Any CPU
		{6C17922E-FCC0-4137-85A9-0143EE4C2066}.Debug|x64.Build.0 = Debug|Any CPU
		{6C17922E-FCC0-4137-85A9-0143EE4C2066}.Debug|x86.ActiveCfg = Debug|Any CPU
		{6C17922E-FCC0-4137-85A9-0143EE4C2066}.Debug|x86.Build.0 = Debug|Any CPU
		{6C17922E-FCC0-4137-85A9-0143EE4C2066}.Release|Any CPU.ActiveCfg = Release|Any CPU
		{6C17922E-FCC0-4137-85A9-0143EE4C2066}.Release|Any CPU.Build.0 = Release|Any CPU
		{6C17922E-FCC0-4137-85A9-0143EE4C2066}.Release|x64.ActiveCfg = Release|Any CPU
		{6C17922E-FCC0-4137-85A9-0143EE4C2066}.Release|x64.Build.0 = Release|Any CPU
		{6C17922E-FCC0-4137-85A9-0143EE4C2066}.Release|x86.ActiveCfg = Release|Any CPU
		{6C17922E-FCC0-4137-85A9-0143EE4C2066}.Release|x86.Build.0 = Release|Any CPU
		{2173F753-598A-4CFD-A7A7-AB0C665FDD9A}.Debug|Any CPU.ActiveCfg = Debug|Any CPU
		{2173F753-598A-4CFD-A7A7-AB0C665FDD9A}.Debug|Any CPU.Build.0 = Debug|Any CPU
		{2173F753-598A-4CFD-A7A7-AB0C665FDD9A}.Debug|x64.ActiveCfg = Debug|Any CPU
		{2173F753-598A-4CFD-A7A7-AB0C665FDD9A}.Debug|x64.Build.0 = Debug|Any CPU
		{2173F753-598A-4CFD-A7A7-AB0C665FDD9A}.Debug|x86.ActiveCfg = Debug|Any CPU
		{2173F753-598A-4CFD-A7A7-AB0C665FDD9A}.Debug|x86.Build.0 = Debug|Any CPU
		{2173F753-598A-4CFD-A7A7-AB0C665FDD9A}.Release|Any CPU.ActiveCfg = Release|Any CPU
		{2173F753-598A-4CFD-A7A7-AB0C665FDD9A}.Release|Any CPU.Build.0 = Release|Any CPU
		{2173F753-598A-4CFD-A7A7-AB0C665FDD9A}.Release|x64.ActiveCfg = Release|Any CPU
		{2173F753-598A-4CFD-A7A7-AB0C665FDD9A}.Release|x64.Build.0 = Release|Any CPU
		{2173F753-598A-4CFD-A7A7-AB0C665FDD9A}.Release|x86.ActiveCfg = Release|Any CPU
		{2173F753-598A-4CFD-A7A7-AB0C665FDD9A}.Release|x86.Build.0 = Release|Any CPU
		{BF869B67-390B-4804-9C5E-7BB4AF0731AC}.Debug|Any CPU.ActiveCfg = Debug|Any CPU
		{BF869B67-390B-4804-9C5E-7BB4AF0731AC}.Debug|Any CPU.Build.0 = Debug|Any CPU
		{BF869B67-390B-4804-9C5E-7BB4AF0731AC}.Debug|x64.ActiveCfg = Debug|Any CPU
		{BF869B67-390B-4804-9C5E-7BB4AF0731AC}.Debug|x64.Build.0 = Debug|Any CPU
		{BF869B67-390B-4804-9C5E-7BB4AF0731AC}.Debug|x86.ActiveCfg = Debug|Any CPU
		{BF869B67-390B-4804-9C5E-7BB4AF0731AC}.Debug|x86.Build.0 = Debug|Any CPU
		{BF869B67-390B-4804-9C5E-7BB4AF0731AC}.Release|Any CPU.ActiveCfg = Release|Any CPU
		{BF869B67-390B-4804-9C5E-7BB4AF0731AC}.Release|Any CPU.Build.0 = Release|Any CPU
		{BF869B67-390B-4804-9C5E-7BB4AF0731AC}.Release|x64.ActiveCfg = Release|Any CPU
		{BF869B67-390B-4804-9C5E-7BB4AF0731AC}.Release|x64.Build.0 = Release|Any CPU
		{BF869B67-390B-4804-9C5E-7BB4AF0731AC}.Release|x86.ActiveCfg = Release|Any CPU
		{BF869B67-390B-4804-9C5E-7BB4AF0731AC}.Release|x86.Build.0 = Release|Any CPU
		{3194B315-051A-4320-99B3-6B6FB5F6969C}.Debug|Any CPU.ActiveCfg = Debug|Any CPU
		{3194B315-051A-4320-99B3-6B6FB5F6969C}.Debug|Any CPU.Build.0 = Debug|Any CPU
		{3194B315-051A-4320-99B3-6B6FB5F6969C}.Debug|x64.ActiveCfg = Debug|Any CPU
		{3194B315-051A-4320-99B3-6B6FB5F6969C}.Debug|x64.Build.0 = Debug|Any CPU
		{3194B315-051A-4320-99B3-6B6FB5F6969C}.Debug|x86.ActiveCfg = Debug|Any CPU
		{3194B315-051A-4320-99B3-6B6FB5F6969C}.Debug|x86.Build.0 = Debug|Any CPU
		{3194B315-051A-4320-99B3-6B6FB5F6969C}.Release|Any CPU.ActiveCfg = Release|Any CPU
		{3194B315-051A-4320-99B3-6B6FB5F6969C}.Release|Any CPU.Build.0 = Release|Any CPU
		{3194B315-051A-4320-99B3-6B6FB5F6969C}.Release|x64.ActiveCfg = Release|Any CPU
		{3194B315-051A-4320-99B3-6B6FB5F6969C}.Release|x64.Build.0 = Release|Any CPU
		{3194B315-051A-4320-99B3-6B6FB5F6969C}.Release|x86.ActiveCfg = Release|Any CPU
		{3194B315-051A-4320-99B3-6B6FB5F6969C}.Release|x86.Build.0 = Release|Any CPU
		{874BBFD8-D217-4B4D-A030-C2B425367C33}.Debug|Any CPU.ActiveCfg = Debug|Any CPU
		{874BBFD8-D217-4B4D-A030-C2B425367C33}.Debug|Any CPU.Build.0 = Debug|Any CPU
		{874BBFD8-D217-4B4D-A030-C2B425367C33}.Debug|x64.ActiveCfg = Debug|Any CPU
		{874BBFD8-D217-4B4D-A030-C2B425367C33}.Debug|x64.Build.0 = Debug|Any CPU
		{874BBFD8-D217-4B4D-A030-C2B425367C33}.Debug|x86.ActiveCfg = Debug|Any CPU
		{874BBFD8-D217-4B4D-A030-C2B425367C33}.Debug|x86.Build.0 = Debug|Any CPU
		{874BBFD8-D217-4B4D-A030-C2B425367C33}.Release|Any CPU.ActiveCfg = Release|Any CPU
		{874BBFD8-D217-4B4D-A030-C2B425367C33}.Release|Any CPU.Build.0 = Release|Any CPU
		{874BBFD8-D217-4B4D-A030-C2B425367C33}.Release|x64.ActiveCfg = Release|Any CPU
		{874BBFD8-D217-4B4D-A030-C2B425367C33}.Release|x64.Build.0 = Release|Any CPU
		{874BBFD8-D217-4B4D-A030-C2B425367C33}.Release|x86.ActiveCfg = Release|Any CPU
		{874BBFD8-D217-4B4D-A030-C2B425367C33}.Release|x86.Build.0 = Release|Any CPU
		{3316BB10-6E88-4B5A-814B-C4C53F365EB8}.Debug|Any CPU.ActiveCfg = Debug|Any CPU
		{3316BB10-6E88-4B5A-814B-C4C53F365EB8}.Debug|Any CPU.Build.0 = Debug|Any CPU
		{3316BB10-6E88-4B5A-814B-C4C53F365EB8}.Debug|x64.ActiveCfg = Debug|Any CPU
		{3316BB10-6E88-4B5A-814B-C4C53F365EB8}.Debug|x64.Build.0 = Debug|Any CPU
		{3316BB10-6E88-4B5A-814B-C4C53F365EB8}.Debug|x86.ActiveCfg = Debug|Any CPU
		{3316BB10-6E88-4B5A-814B-C4C53F365EB8}.Debug|x86.Build.0 = Debug|Any CPU
		{3316BB10-6E88-4B5A-814B-C4C53F365EB8}.Release|Any CPU.ActiveCfg = Release|Any CPU
		{3316BB10-6E88-4B5A-814B-C4C53F365EB8}.Release|Any CPU.Build.0 = Release|Any CPU
		{3316BB10-6E88-4B5A-814B-C4C53F365EB8}.Release|x64.ActiveCfg = Release|Any CPU
		{3316BB10-6E88-4B5A-814B-C4C53F365EB8}.Release|x64.Build.0 = Release|Any CPU
		{3316BB10-6E88-4B5A-814B-C4C53F365EB8}.Release|x86.ActiveCfg = Release|Any CPU
		{3316BB10-6E88-4B5A-814B-C4C53F365EB8}.Release|x86.Build.0 = Release|Any CPU
		{2DA6B0A6-B075-4918-8B4E-B1AD695DFCF4}.Debug|Any CPU.ActiveCfg = Debug|Any CPU
		{2DA6B0A6-B075-4918-8B4E-B1AD695DFCF4}.Debug|Any CPU.Build.0 = Debug|Any CPU
		{2DA6B0A6-B075-4918-8B4E-B1AD695DFCF4}.Debug|x64.ActiveCfg = Debug|Any CPU
		{2DA6B0A6-B075-4918-8B4E-B1AD695DFCF4}.Debug|x64.Build.0 = Debug|Any CPU
		{2DA6B0A6-B075-4918-8B4E-B1AD695DFCF4}.Debug|x86.ActiveCfg = Debug|Any CPU
		{2DA6B0A6-B075-4918-8B4E-B1AD695DFCF4}.Debug|x86.Build.0 = Debug|Any CPU
		{2DA6B0A6-B075-4918-8B4E-B1AD695DFCF4}.Release|Any CPU.ActiveCfg = Release|Any CPU
		{2DA6B0A6-B075-4918-8B4E-B1AD695DFCF4}.Release|Any CPU.Build.0 = Release|Any CPU
		{2DA6B0A6-B075-4918-8B4E-B1AD695DFCF4}.Release|x64.ActiveCfg = Release|Any CPU
		{2DA6B0A6-B075-4918-8B4E-B1AD695DFCF4}.Release|x64.Build.0 = Release|Any CPU
		{2DA6B0A6-B075-4918-8B4E-B1AD695DFCF4}.Release|x86.ActiveCfg = Release|Any CPU
		{2DA6B0A6-B075-4918-8B4E-B1AD695DFCF4}.Release|x86.Build.0 = Release|Any CPU
		{47A69795-C1F2-4E05-8443-C273281BA9D3}.Debug|Any CPU.ActiveCfg = Debug|Any CPU
		{47A69795-C1F2-4E05-8443-C273281BA9D3}.Debug|Any CPU.Build.0 = Debug|Any CPU
		{47A69795-C1F2-4E05-8443-C273281BA9D3}.Debug|x64.ActiveCfg = Debug|Any CPU
		{47A69795-C1F2-4E05-8443-C273281BA9D3}.Debug|x64.Build.0 = Debug|Any CPU
		{47A69795-C1F2-4E05-8443-C273281BA9D3}.Debug|x86.ActiveCfg = Debug|Any CPU
		{47A69795-C1F2-4E05-8443-C273281BA9D3}.Debug|x86.Build.0 = Debug|Any CPU
		{47A69795-C1F2-4E05-8443-C273281BA9D3}.Release|Any CPU.ActiveCfg = Release|Any CPU
		{47A69795-C1F2-4E05-8443-C273281BA9D3}.Release|Any CPU.Build.0 = Release|Any CPU
		{47A69795-C1F2-4E05-8443-C273281BA9D3}.Release|x64.ActiveCfg = Release|Any CPU
		{47A69795-C1F2-4E05-8443-C273281BA9D3}.Release|x64.Build.0 = Release|Any CPU
		{47A69795-C1F2-4E05-8443-C273281BA9D3}.Release|x86.ActiveCfg = Release|Any CPU
		{47A69795-C1F2-4E05-8443-C273281BA9D3}.Release|x86.Build.0 = Release|Any CPU
		{EFF9AA46-74C6-4A2F-B8CA-DDFFB0CA424C}.Debug|Any CPU.ActiveCfg = Debug|Any CPU
		{EFF9AA46-74C6-4A2F-B8CA-DDFFB0CA424C}.Debug|Any CPU.Build.0 = Debug|Any CPU
		{EFF9AA46-74C6-4A2F-B8CA-DDFFB0CA424C}.Debug|x64.ActiveCfg = Debug|Any CPU
		{EFF9AA46-74C6-4A2F-B8CA-DDFFB0CA424C}.Debug|x64.Build.0 = Debug|Any CPU
		{EFF9AA46-74C6-4A2F-B8CA-DDFFB0CA424C}.Debug|x86.ActiveCfg = Debug|Any CPU
		{EFF9AA46-74C6-4A2F-B8CA-DDFFB0CA424C}.Debug|x86.Build.0 = Debug|Any CPU
		{EFF9AA46-74C6-4A2F-B8CA-DDFFB0CA424C}.Release|Any CPU.ActiveCfg = Release|Any CPU
		{EFF9AA46-74C6-4A2F-B8CA-DDFFB0CA424C}.Release|Any CPU.Build.0 = Release|Any CPU
		{EFF9AA46-74C6-4A2F-B8CA-DDFFB0CA424C}.Release|x64.ActiveCfg = Release|Any CPU
		{EFF9AA46-74C6-4A2F-B8CA-DDFFB0CA424C}.Release|x64.Build.0 = Release|Any CPU
		{EFF9AA46-74C6-4A2F-B8CA-DDFFB0CA424C}.Release|x86.ActiveCfg = Release|Any CPU
		{EFF9AA46-74C6-4A2F-B8CA-DDFFB0CA424C}.Release|x86.Build.0 = Release|Any CPU
		{5770A35D-DCD8-4C03-88E4-02308D6576F0}.Debug|Any CPU.ActiveCfg = Debug|Any CPU
		{5770A35D-DCD8-4C03-88E4-02308D6576F0}.Debug|Any CPU.Build.0 = Debug|Any CPU
		{5770A35D-DCD8-4C03-88E4-02308D6576F0}.Debug|x64.ActiveCfg = Debug|Any CPU
		{5770A35D-DCD8-4C03-88E4-02308D6576F0}.Debug|x64.Build.0 = Debug|Any CPU
		{5770A35D-DCD8-4C03-88E4-02308D6576F0}.Debug|x86.ActiveCfg = Debug|Any CPU
		{5770A35D-DCD8-4C03-88E4-02308D6576F0}.Debug|x86.Build.0 = Debug|Any CPU
		{5770A35D-DCD8-4C03-88E4-02308D6576F0}.Release|Any CPU.ActiveCfg = Release|Any CPU
		{5770A35D-DCD8-4C03-88E4-02308D6576F0}.Release|Any CPU.Build.0 = Release|Any CPU
		{5770A35D-DCD8-4C03-88E4-02308D6576F0}.Release|x64.ActiveCfg = Release|Any CPU
		{5770A35D-DCD8-4C03-88E4-02308D6576F0}.Release|x64.Build.0 = Release|Any CPU
		{5770A35D-DCD8-4C03-88E4-02308D6576F0}.Release|x86.ActiveCfg = Release|Any CPU
		{5770A35D-DCD8-4C03-88E4-02308D6576F0}.Release|x86.Build.0 = Release|Any CPU
		{C95FC6B5-889C-4E04-8FE0-2C911A9FC0A0}.Debug|Any CPU.ActiveCfg = Debug|Any CPU
		{C95FC6B5-889C-4E04-8FE0-2C911A9FC0A0}.Debug|Any CPU.Build.0 = Debug|Any CPU
		{C95FC6B5-889C-4E04-8FE0-2C911A9FC0A0}.Debug|x64.ActiveCfg = Debug|Any CPU
		{C95FC6B5-889C-4E04-8FE0-2C911A9FC0A0}.Debug|x64.Build.0 = Debug|Any CPU
		{C95FC6B5-889C-4E04-8FE0-2C911A9FC0A0}.Debug|x86.ActiveCfg = Debug|Any CPU
		{C95FC6B5-889C-4E04-8FE0-2C911A9FC0A0}.Debug|x86.Build.0 = Debug|Any CPU
		{C95FC6B5-889C-4E04-8FE0-2C911A9FC0A0}.Release|Any CPU.ActiveCfg = Release|Any CPU
		{C95FC6B5-889C-4E04-8FE0-2C911A9FC0A0}.Release|Any CPU.Build.0 = Release|Any CPU
		{C95FC6B5-889C-4E04-8FE0-2C911A9FC0A0}.Release|x64.ActiveCfg = Release|Any CPU
		{C95FC6B5-889C-4E04-8FE0-2C911A9FC0A0}.Release|x64.Build.0 = Release|Any CPU
		{C95FC6B5-889C-4E04-8FE0-2C911A9FC0A0}.Release|x86.ActiveCfg = Release|Any CPU
		{C95FC6B5-889C-4E04-8FE0-2C911A9FC0A0}.Release|x86.Build.0 = Release|Any CPU
	EndGlobalSection
	GlobalSection(SolutionProperties) = preSolution
		HideSolutionNode = FALSE
	EndGlobalSection
	GlobalSection(NestedProjects) = preSolution
		{B1CF7FE8-C186-42BB-9B78-A2E8890CF888} = {1C8ACF44-90F6-476E-A8F8-2BC3C11618C9}
		{2A09B359-7DB2-41A7-B244-670EEEFA9010} = {1C8ACF44-90F6-476E-A8F8-2BC3C11618C9}
		{E23E0E99-5828-4258-B2EB-7B5D22EDD9EA} = {1C8ACF44-90F6-476E-A8F8-2BC3C11618C9}
		{A3D49E82-1C0F-4053-B45C-019E65077FA8} = {1C8ACF44-90F6-476E-A8F8-2BC3C11618C9}
		{6C17922E-FCC0-4137-85A9-0143EE4C2066} = {1C8ACF44-90F6-476E-A8F8-2BC3C11618C9}
		{2173F753-598A-4CFD-A7A7-AB0C665FDD9A} = {1C8ACF44-90F6-476E-A8F8-2BC3C11618C9}
		{BF869B67-390B-4804-9C5E-7BB4AF0731AC} = {47B75EFD-5A08-4D00-84B8-9BFA41422677}
		{3194B315-051A-4320-99B3-6B6FB5F6969C} = {47B75EFD-5A08-4D00-84B8-9BFA41422677}
		{874BBFD8-D217-4B4D-A030-C2B425367C33} = {47B75EFD-5A08-4D00-84B8-9BFA41422677}
		{3316BB10-6E88-4B5A-814B-C4C53F365EB8} = {47B75EFD-5A08-4D00-84B8-9BFA41422677}
		{2DA6B0A6-B075-4918-8B4E-B1AD695DFCF4} = {47B75EFD-5A08-4D00-84B8-9BFA41422677}
		{47A69795-C1F2-4E05-8443-C273281BA9D3} = {47B75EFD-5A08-4D00-84B8-9BFA41422677}
		{EFF9AA46-74C6-4A2F-B8CA-DDFFB0CA424C} = {47B75EFD-5A08-4D00-84B8-9BFA41422677}
		{5770A35D-DCD8-4C03-88E4-02308D6576F0} = {1C8ACF44-90F6-476E-A8F8-2BC3C11618C9}
		{C95FC6B5-889C-4E04-8FE0-2C911A9FC0A0} = {47B75EFD-5A08-4D00-84B8-9BFA41422677}
	EndGlobalSection
	GlobalSection(ExtensibilityGlobals) = postSolution
		SolutionGuid = {6B50772B-9D48-465A-AEDE-8097EDE993B5}
	EndGlobalSection
EndGlobal
