Microsoft Visual Studio Solution File, Format Version 12.00
# Visual Studio Version 17
VisualStudioVersion = 17.9.34607.119
MinimumVisualStudioVersion = 10.0.40219.1
Project("{9A19103F-16F7-4668-BE54-9A1E7A4F7556}") = "Atom", "Atom\Atom.csproj", "{224DFEA9-3CD3-41E8-9DB0-92A4B7871141}"
EndProject
Project("{2150E333-8FDC-42A3-9474-1A3956D46DE8}") = "Framework", "Framework", "{47B75EFD-5A08-4D00-84B8-9BFA41422677}"
EndProject
Project("{2150E333-8FDC-42A3-9474-1A3956D46DE8}") = "Tests", "Tests", "{1C8ACF44-90F6-476E-A8F8-2BC3C11618C9}"
EndProject
Project("{FAE04EC0-301F-11D3-BF4B-00C04F79EFBC}") = "Atom.Web", "Atom.Web\Atom.Web.csproj", "{C195CA20-FAAC-41F7-8DCD-5C17A3560FD5}"
EndProject
Project("{FAE04EC0-301F-11D3-BF4B-00C04F79EFBC}") = "Atom.Web.Services", "Atom.Web.Services\Atom.Web.Services.csproj", "{1FC68E3F-39EC-4518-8821-A2445DE2D4F8}"
EndProject
Project("{FAE04EC0-301F-11D3-BF4B-00C04F79EFBC}") = "Atom.Web.Browsers", "Atom.Web.Browsers\Atom.Web.Browsers.csproj", "{D3079AE7-EF69-418E-B850-5DA60C9AD488}"
EndProject
Project("{FAE04EC0-301F-11D3-BF4B-00C04F79EFBC}") = "Atom.Media.Video", "Atom.Media.Video\Atom.Media.Video.csproj", "{8EC4E9A0-B24E-434E-9651-804490744C5B}"
EndProject
Project("{FAE04EC0-301F-11D3-BF4B-00C04F79EFBC}") = "Atom.Media", "Atom.Media\Atom.Media.csproj", "{350A268F-1969-4EA9-B4DB-F737F1AF9BD3}"
EndProject
Project("{FAE04EC0-301F-11D3-BF4B-00C04F79EFBC}") = "Atom.SourceGeneration", "Atom.SourceGeneration\Atom.SourceGeneration.csproj", "{69E61AB8-BE25-479E-8421-2AB7914FE0F3}"
EndProject
Project("{FAE04EC0-301F-11D3-BF4B-00C04F79EFBC}") = "Atom.Debug", "Atom.Debug\Atom.Debug.csproj", "{415E4E7D-BF5A-4113-9A80-1ACE0EADC149}"
EndProject
Project("{FAE04EC0-301F-11D3-BF4B-00C04F79EFBC}") = "Atom.Tests", "Tests\Atom.Tests\Atom.Tests.csproj", "{B1CF7FE8-C186-42BB-9B78-A2E8890CF888}"
EndProject
Project("{FAE04EC0-301F-11D3-BF4B-00C04F79EFBC}") = "Atom.SourceGeneration.Tests", "Tests\Atom.SourceGeneration.Tests\Atom.SourceGeneration.Tests.csproj", "{2A09B359-7DB2-41A7-B244-670EEEFA9010}"
EndProject
Project("{FAE04EC0-301F-11D3-BF4B-00C04F79EFBC}") = "Atom.Web.Tests", "Tests\Atom.Web.Tests\Atom.Web.Tests.csproj", "{E23E0E99-5828-4258-B2EB-7B5D22EDD9EA}"
EndProject
Project("{FAE04EC0-301F-11D3-BF4B-00C04F79EFBC}") = "Atom.Web.Browsers.Tests", "Tests\Atom.Web.Browsers.Tests\Atom.Web.Browsers.Tests.csproj", "{4FB7AECE-B920-46A5-91EC-D22BE6331672}"
EndProject
Project("{FAE04EC0-301F-11D3-BF4B-00C04F79EFBC}") = "Atom.Web.Services.Tests", "Tests\Atom.Web.Services.Tests\Atom.Web.Services.Tests.csproj", "{E56DD9B0-FD09-4ED0-B695-410518810EBA}"
EndProject
Project("{FAE04EC0-301F-11D3-BF4B-00C04F79EFBC}") = "Atom.Media.Video.Tests", "Tests\Atom.Media.Video.Tests\Atom.Media.Video.Tests.csproj", "{A3D49E82-1C0F-4053-B45C-019E65077FA8}"
EndProject
Global
	GlobalSection(SolutionConfigurationPlatforms) = preSolution
		Debug|Any CPU = Debug|Any CPU
		Release|Any CPU = Release|Any CPU
	EndGlobalSection
	GlobalSection(ProjectConfigurationPlatforms) = postSolution
		{224DFEA9-3CD3-41E8-9DB0-92A4B7871141}.Debug|Any CPU.ActiveCfg = Debug|Any CPU
		{224DFEA9-3CD3-41E8-9DB0-92A4B7871141}.Debug|Any CPU.Build.0 = Debug|Any CPU
		{224DFEA9-3CD3-41E8-9DB0-92A4B7871141}.Release|Any CPU.ActiveCfg = Release|Any CPU
		{224DFEA9-3CD3-41E8-9DB0-92A4B7871141}.Release|Any CPU.Build.0 = Release|Any CPU
		{C195CA20-FAAC-41F7-8DCD-5C17A3560FD5}.Debug|Any CPU.ActiveCfg = Debug|Any CPU
		{C195CA20-FAAC-41F7-8DCD-5C17A3560FD5}.Debug|Any CPU.Build.0 = Debug|Any CPU
		{C195CA20-FAAC-41F7-8DCD-5C17A3560FD5}.Release|Any CPU.ActiveCfg = Release|Any CPU
		{C195CA20-FAAC-41F7-8DCD-5C17A3560FD5}.Release|Any CPU.Build.0 = Release|Any CPU
		{1FC68E3F-39EC-4518-8821-A2445DE2D4F8}.Debug|Any CPU.ActiveCfg = Debug|Any CPU
		{1FC68E3F-39EC-4518-8821-A2445DE2D4F8}.Debug|Any CPU.Build.0 = Debug|Any CPU
		{1FC68E3F-39EC-4518-8821-A2445DE2D4F8}.Release|Any CPU.ActiveCfg = Release|Any CPU
		{1FC68E3F-39EC-4518-8821-A2445DE2D4F8}.Release|Any CPU.Build.0 = Release|Any CPU
		{D3079AE7-EF69-418E-B850-5DA60C9AD488}.Debug|Any CPU.ActiveCfg = Debug|Any CPU
		{D3079AE7-EF69-418E-B850-5DA60C9AD488}.Debug|Any CPU.Build.0 = Debug|Any CPU
		{D3079AE7-EF69-418E-B850-5DA60C9AD488}.Release|Any CPU.ActiveCfg = Release|Any CPU
		{D3079AE7-EF69-418E-B850-5DA60C9AD488}.Release|Any CPU.Build.0 = Release|Any CPU
		{8EC4E9A0-B24E-434E-9651-804490744C5B}.Debug|Any CPU.ActiveCfg = Debug|Any CPU
		{8EC4E9A0-B24E-434E-9651-804490744C5B}.Debug|Any CPU.Build.0 = Debug|Any CPU
		{8EC4E9A0-B24E-434E-9651-804490744C5B}.Release|Any CPU.ActiveCfg = Release|Any CPU
		{8EC4E9A0-B24E-434E-9651-804490744C5B}.Release|Any CPU.Build.0 = Release|Any CPU
		{350A268F-1969-4EA9-B4DB-F737F1AF9BD3}.Debug|Any CPU.ActiveCfg = Debug|Any CPU
		{350A268F-1969-4EA9-B4DB-F737F1AF9BD3}.Debug|Any CPU.Build.0 = Debug|Any CPU
		{350A268F-1969-4EA9-B4DB-F737F1AF9BD3}.Release|Any CPU.ActiveCfg = Release|Any CPU
		{350A268F-1969-4EA9-B4DB-F737F1AF9BD3}.Release|Any CPU.Build.0 = Release|Any CPU
		{69E61AB8-BE25-479E-8421-2AB7914FE0F3}.Debug|Any CPU.ActiveCfg = Debug|Any CPU
		{69E61AB8-BE25-479E-8421-2AB7914FE0F3}.Debug|Any CPU.Build.0 = Debug|Any CPU
		{69E61AB8-BE25-479E-8421-2AB7914FE0F3}.Release|Any CPU.ActiveCfg = Release|Any CPU
		{69E61AB8-BE25-479E-8421-2AB7914FE0F3}.Release|Any CPU.Build.0 = Release|Any CPU
		{415E4E7D-BF5A-4113-9A80-1ACE0EADC149}.Debug|Any CPU.ActiveCfg = Debug|Any CPU
		{415E4E7D-BF5A-4113-9A80-1ACE0EADC149}.Debug|Any CPU.Build.0 = Debug|Any CPU
		{415E4E7D-BF5A-4113-9A80-1ACE0EADC149}.Release|Any CPU.ActiveCfg = Release|Any CPU
		{415E4E7D-BF5A-4113-9A80-1ACE0EADC149}.Release|Any CPU.Build.0 = Release|Any CPU
		{B1CF7FE8-C186-42BB-9B78-A2E8890CF888}.Debug|Any CPU.ActiveCfg = Debug|Any CPU
		{B1CF7FE8-C186-42BB-9B78-A2E8890CF888}.Debug|Any CPU.Build.0 = Debug|Any CPU
		{B1CF7FE8-C186-42BB-9B78-A2E8890CF888}.Release|Any CPU.ActiveCfg = Release|Any CPU
		{B1CF7FE8-C186-42BB-9B78-A2E8890CF888}.Release|Any CPU.Build.0 = Release|Any CPU
		{2A09B359-7DB2-41A7-B244-670EEEFA9010}.Debug|Any CPU.ActiveCfg = Debug|Any CPU
		{2A09B359-7DB2-41A7-B244-670EEEFA9010}.Debug|Any CPU.Build.0 = Debug|Any CPU
		{2A09B359-7DB2-41A7-B244-670EEEFA9010}.Release|Any CPU.ActiveCfg = Release|Any CPU
		{2A09B359-7DB2-41A7-B244-670EEEFA9010}.Release|Any CPU.Build.0 = Release|Any CPU
		{E23E0E99-5828-4258-B2EB-7B5D22EDD9EA}.Debug|Any CPU.ActiveCfg = Debug|Any CPU
		{E23E0E99-5828-4258-B2EB-7B5D22EDD9EA}.Debug|Any CPU.Build.0 = Debug|Any CPU
		{E23E0E99-5828-4258-B2EB-7B5D22EDD9EA}.Release|Any CPU.ActiveCfg = Release|Any CPU
		{E23E0E99-5828-4258-B2EB-7B5D22EDD9EA}.Release|Any CPU.Build.0 = Release|Any CPU
		{4FB7AECE-B920-46A5-91EC-D22BE6331672}.Debug|Any CPU.ActiveCfg = Debug|Any CPU
		{4FB7AECE-B920-46A5-91EC-D22BE6331672}.Debug|Any CPU.Build.0 = Debug|Any CPU
		{4FB7AECE-B920-46A5-91EC-D22BE6331672}.Release|Any CPU.ActiveCfg = Release|Any CPU
		{4FB7AECE-B920-46A5-91EC-D22BE6331672}.Release|Any CPU.Build.0 = Release|Any CPU
		{E56DD9B0-FD09-4ED0-B695-410518810EBA}.Debug|Any CPU.ActiveCfg = Debug|Any CPU
		{E56DD9B0-FD09-4ED0-B695-410518810EBA}.Debug|Any CPU.Build.0 = Debug|Any CPU
		{E56DD9B0-FD09-4ED0-B695-410518810EBA}.Release|Any CPU.ActiveCfg = Release|Any CPU
		{E56DD9B0-FD09-4ED0-B695-410518810EBA}.Release|Any CPU.Build.0 = Release|Any CPU
		{A3D49E82-1C0F-4053-B45C-019E65077FA8}.Debug|Any CPU.ActiveCfg = Debug|Any CPU
		{A3D49E82-1C0F-4053-B45C-019E65077FA8}.Debug|Any CPU.Build.0 = Debug|Any CPU
		{A3D49E82-1C0F-4053-B45C-019E65077FA8}.Release|Any CPU.ActiveCfg = Release|Any CPU
		{A3D49E82-1C0F-4053-B45C-019E65077FA8}.Release|Any CPU.Build.0 = Release|Any CPU
	EndGlobalSection
	GlobalSection(SolutionProperties) = preSolution
		HideSolutionNode = FALSE
	EndGlobalSection
	GlobalSection(NestedProjects) = preSolution
		{224DFEA9-3CD3-41E8-9DB0-92A4B7871141} = {47B75EFD-5A08-4D00-84B8-9BFA41422677}
		{C195CA20-FAAC-41F7-8DCD-5C17A3560FD5} = {47B75EFD-5A08-4D00-84B8-9BFA41422677}
		{1FC68E3F-39EC-4518-8821-A2445DE2D4F8} = {47B75EFD-5A08-4D00-84B8-9BFA41422677}
		{D3079AE7-EF69-418E-B850-5DA60C9AD488} = {47B75EFD-5A08-4D00-84B8-9BFA41422677}
		{8EC4E9A0-B24E-434E-9651-804490744C5B} = {47B75EFD-5A08-4D00-84B8-9BFA41422677}
		{350A268F-1969-4EA9-B4DB-F737F1AF9BD3} = {47B75EFD-5A08-4D00-84B8-9BFA41422677}
		{69E61AB8-BE25-479E-8421-2AB7914FE0F3} = {47B75EFD-5A08-4D00-84B8-9BFA41422677}
		{415E4E7D-BF5A-4113-9A80-1ACE0EADC149} = {47B75EFD-5A08-4D00-84B8-9BFA41422677}
		{B1CF7FE8-C186-42BB-9B78-A2E8890CF888} = {1C8ACF44-90F6-476E-A8F8-2BC3C11618C9}
		{2A09B359-7DB2-41A7-B244-670EEEFA9010} = {1C8ACF44-90F6-476E-A8F8-2BC3C11618C9}
		{E23E0E99-5828-4258-B2EB-7B5D22EDD9EA} = {1C8ACF44-90F6-476E-A8F8-2BC3C11618C9}
		{4FB7AECE-B920-46A5-91EC-D22BE6331672} = {1C8ACF44-90F6-476E-A8F8-2BC3C11618C9}
		{E56DD9B0-FD09-4ED0-B695-410518810EBA} = {1C8ACF44-90F6-476E-A8F8-2BC3C11618C9}
		{A3D49E82-1C0F-4053-B45C-019E65077FA8} = {1C8ACF44-90F6-476E-A8F8-2BC3C11618C9}
	EndGlobalSection
	GlobalSection(ExtensibilityGlobals) = postSolution
		SolutionGuid = {6B50772B-9D48-465A-AEDE-8097EDE993B5}
	EndGlobalSection
EndGlobal
